
Microsoft Visual Studio Solution File, Format Version 12.00
# Visual Studio Version 17
VisualStudioVersion = 17.5.002.0
MinimumVisualStudioVersion = 10.0.40219.1
Project("{9A19103F-16F7-4668-BE54-9A1E7A4F7556}") = "tryCatch01", "tryCatch01.csproj", "{A7C52F00-7599-4288-8E2D-41CDB1AD0C8D}"
EndProject
Global
	GlobalSection(SolutionConfigurationPlatforms) = preSolution
		Debug|Any CPU = Debug|Any CPU
		Release|Any CPU = Release|Any CPU
	EndGlobalSection
	GlobalSection(ProjectConfigurationPlatforms) = postSolution
		{A7C52F00-7599-4288-8E2D-41CDB1AD0C8D}.Debug|Any CPU.ActiveCfg = Debug|Any CPU
		{A7C52F00-7599-4288-8E2D-41CDB1AD0C8D}.Debug|Any CPU.Build.0 = Debug|Any CPU
		{A7C52F00-7599-4288-8E2D-41CDB1AD0C8D}.Release|Any CPU.ActiveCfg = Release|Any CPU
		{A7C52F00-7599-4288-8E2D-41CDB1AD0C8D}.Release|Any CPU.Build.0 = Release|Any CPU
	EndGlobalSection
	GlobalSection(SolutionProperties) = preSolution
		HideSolutionNode = FALSE
	EndGlobalSection
	GlobalSection(ExtensibilityGlobals) = postSolution
		SolutionGuid = {8FFA3959-F318-409C-8F9B-D57558160AF0}
	EndGlobalSection
EndGlobal
