
Microsoft Visual Studio Solution File, Format Version 12.00
# Visual Studio Version 17
VisualStudioVersion = 17.5.002.0
MinimumVisualStudioVersion = 10.0.40219.1
Project("{9A19103F-16F7-4668-BE54-9A1E7A4F7556}") = "Interfaces", "Interfaces.csproj", "{A5FC7B07-FBE0-4044-B58D-1811C330C1D5}"
EndProject
Global
	GlobalSection(SolutionConfigurationPlatforms) = preSolution
		Debug|Any CPU = Debug|Any CPU
		Release|Any CPU = Release|Any CPU
	EndGlobalSection
	GlobalSection(ProjectConfigurationPlatforms) = postSolution
		{A5FC7B07-FBE0-4044-B58D-1811C330C1D5}.Debug|Any CPU.ActiveCfg = Debug|Any CPU
		{A5FC7B07-FBE0-4044-B58D-1811C330C1D5}.Debug|Any CPU.Build.0 = Debug|Any CPU
		{A5FC7B07-FBE0-4044-B58D-1811C330C1D5}.Release|Any CPU.ActiveCfg = Release|Any CPU
		{A5FC7B07-FBE0-4044-B58D-1811C330C1D5}.Release|Any CPU.Build.0 = Release|Any CPU
	EndGlobalSection
	GlobalSection(SolutionProperties) = preSolution
		HideSolutionNode = FALSE
	EndGlobalSection
	GlobalSection(ExtensibilityGlobals) = postSolution
		SolutionGuid = {A6DB5588-A7E2-42AE-803E-41F9387D711F}
	EndGlobalSection
EndGlobal
