
Microsoft Visual Studio Solution File, Format Version 12.00
# Visual Studio Version 17
VisualStudioVersion = 17.5.002.0
MinimumVisualStudioVersion = 10.0.40219.1
Project("{9A19103F-16F7-4668-BE54-9A1E7A4F7556}") = "metodoAbstrato02", "metodoAbstrato02.csproj", "{035F4741-3DF2-470C-A3A6-A86E00A76BAB}"
EndProject
Global
	GlobalSection(SolutionConfigurationPlatforms) = preSolution
		Debug|Any CPU = Debug|Any CPU
		Release|Any CPU = Release|Any CPU
	EndGlobalSection
	GlobalSection(ProjectConfigurationPlatforms) = postSolution
		{035F4741-3DF2-470C-A3A6-A86E00A76BAB}.Debug|Any CPU.ActiveCfg = Debug|Any CPU
		{035F4741-3DF2-470C-A3A6-A86E00A76BAB}.Debug|Any CPU.Build.0 = Debug|Any CPU
		{035F4741-3DF2-470C-A3A6-A86E00A76BAB}.Release|Any CPU.ActiveCfg = Release|Any CPU
		{035F4741-3DF2-470C-A3A6-A86E00A76BAB}.Release|Any CPU.Build.0 = Release|Any CPU
	EndGlobalSection
	GlobalSection(SolutionProperties) = preSolution
		HideSolutionNode = FALSE
	EndGlobalSection
	GlobalSection(ExtensibilityGlobals) = postSolution
		SolutionGuid = {28B3B5F0-E39F-4660-AD45-84F0155A6AA6}
	EndGlobalSection
EndGlobal
